
Microsoft Visual Studio Solution File, Format Version 12.00
# Visual Studio Version 17
VisualStudioVersion = 17.9.34616.47
MinimumVisualStudioVersion = 10.0.40219.1
Project("{9A19103F-16F7-4668-BE54-9A1E7A4F7556}") = "tpmod12_1302223039", "tpmod12_1302223039\tpmod12_1302223039.csproj", "{0F641787-FB3C-4FE5-B904-B401C1B932BB}"
EndProject
Project("{9A19103F-16F7-4668-BE54-9A1E7A4F7556}") = "TestCariTandaBilangan", "TestCariTandaBilangan\TestCariTandaBilangan.csproj", "{DC7E5583-3F30-4172-87EE-BF78ED90CC75}"
EndProject
Global
	GlobalSection(SolutionConfigurationPlatforms) = preSolution
		Debug|Any CPU = Debug|Any CPU
		Release|Any CPU = Release|Any CPU
	EndGlobalSection
	GlobalSection(ProjectConfigurationPlatforms) = postSolution
		{0F641787-FB3C-4FE5-B904-B401C1B932BB}.Debug|Any CPU.ActiveCfg = Debug|Any CPU
		{0F641787-FB3C-4FE5-B904-B401C1B932BB}.Debug|Any CPU.Build.0 = Debug|Any CPU
		{0F641787-FB3C-4FE5-B904-B401C1B932BB}.Release|Any CPU.ActiveCfg = Release|Any CPU
		{0F641787-FB3C-4FE5-B904-B401C1B932BB}.Release|Any CPU.Build.0 = Release|Any CPU
		{DC7E5583-3F30-4172-87EE-BF78ED90CC75}.Debug|Any CPU.ActiveCfg = Debug|Any CPU
		{DC7E5583-3F30-4172-87EE-BF78ED90CC75}.Debug|Any CPU.Build.0 = Debug|Any CPU
		{DC7E5583-3F30-4172-87EE-BF78ED90CC75}.Release|Any CPU.ActiveCfg = Release|Any CPU
		{DC7E5583-3F30-4172-87EE-BF78ED90CC75}.Release|Any CPU.Build.0 = Release|Any CPU
	EndGlobalSection
	GlobalSection(SolutionProperties) = preSolution
		HideSolutionNode = FALSE
	EndGlobalSection
	GlobalSection(ExtensibilityGlobals) = postSolution
		SolutionGuid = {A992F398-2C38-45A9-A0A3-EF5679EC1D4C}
	EndGlobalSection
EndGlobal
